
Microsoft Visual Studio Solution File, Format Version 12.00
# Visual Studio Version 16
VisualStudioVersion = 16.0.31005.135
MinimumVisualStudioVersion = 10.0.40219.1
Project("{9A19103F-16F7-4668-BE54-9A1E7A4F7556}") = "Bowling.Domain", "Bowling.Domain\Bowling.Domain.csproj", "{6CED4CB5-9792-4992-80E7-8869A860776A}"
EndProject
Project("{9A19103F-16F7-4668-BE54-9A1E7A4F7556}") = "Bowling.Console", "Bowling.Console\Bowling.Console.csproj", "{9BFA4EBE-FC7D-42AF-9627-9B44F0626272}"
EndProject
Project("{FAE04EC0-301F-11D3-BF4B-00C04F79EFBC}") = "Bowling.Domain.Tests", "Bowling.Domain.Tests\Bowling.Domain.Tests.csproj", "{4FEAFC3C-DF59-491D-BE09-3C8714E9C201}"
EndProject
Global
	GlobalSection(SolutionConfigurationPlatforms) = preSolution
		Debug|Any CPU = Debug|Any CPU
		Release|Any CPU = Release|Any CPU
	EndGlobalSection
	GlobalSection(ProjectConfigurationPlatforms) = postSolution
		{6CED4CB5-9792-4992-80E7-8869A860776A}.Debug|Any CPU.ActiveCfg = Debug|Any CPU
		{6CED4CB5-9792-4992-80E7-8869A860776A}.Debug|Any CPU.Build.0 = Debug|Any CPU
		{6CED4CB5-9792-4992-80E7-8869A860776A}.Release|Any CPU.ActiveCfg = Release|Any CPU
		{6CED4CB5-9792-4992-80E7-8869A860776A}.Release|Any CPU.Build.0 = Release|Any CPU
		{9BFA4EBE-FC7D-42AF-9627-9B44F0626272}.Debug|Any CPU.ActiveCfg = Debug|Any CPU
		{9BFA4EBE-FC7D-42AF-9627-9B44F0626272}.Debug|Any CPU.Build.0 = Debug|Any CPU
		{9BFA4EBE-FC7D-42AF-9627-9B44F0626272}.Release|Any CPU.ActiveCfg = Release|Any CPU
		{9BFA4EBE-FC7D-42AF-9627-9B44F0626272}.Release|Any CPU.Build.0 = Release|Any CPU
		{4FEAFC3C-DF59-491D-BE09-3C8714E9C201}.Debug|Any CPU.ActiveCfg = Debug|Any CPU
		{4FEAFC3C-DF59-491D-BE09-3C8714E9C201}.Debug|Any CPU.Build.0 = Debug|Any CPU
		{4FEAFC3C-DF59-491D-BE09-3C8714E9C201}.Release|Any CPU.ActiveCfg = Release|Any CPU
		{4FEAFC3C-DF59-491D-BE09-3C8714E9C201}.Release|Any CPU.Build.0 = Release|Any CPU
	EndGlobalSection
	GlobalSection(SolutionProperties) = preSolution
		HideSolutionNode = FALSE
	EndGlobalSection
	GlobalSection(ExtensibilityGlobals) = postSolution
		SolutionGuid = {472EE3F7-4E7F-4CCF-BAEB-8CE19220DE75}
	EndGlobalSection
EndGlobal
